
Microsoft Visual Studio Solution File, Format Version 12.00
# Visual Studio 2012
Project("{FAE04EC0-301F-11D3-BF4B-00C04F79EFBC}") = "Knockout.Sample", "Knockout.Sample\Knockout.Sample.csproj", "{E418E024-15D6-4A1C-B7DC-5FBADCFACD23}"
EndProject
Global
	GlobalSection(SolutionConfigurationPlatforms) = preSolution
		Debug|Any CPU = Debug|Any CPU
		Release|Any CPU = Release|Any CPU
	EndGlobalSection
	GlobalSection(ProjectConfigurationPlatforms) = postSolution
		{E418E024-15D6-4A1C-B7DC-5FBADCFACD23}.Debug|Any CPU.ActiveCfg = Debug|Any CPU
		{E418E024-15D6-4A1C-B7DC-5FBADCFACD23}.Debug|Any CPU.Build.0 = Debug|Any CPU
		{E418E024-15D6-4A1C-B7DC-5FBADCFACD23}.Release|Any CPU.ActiveCfg = Release|Any CPU
		{E418E024-15D6-4A1C-B7DC-5FBADCFACD23}.Release|Any CPU.Build.0 = Release|Any CPU
	EndGlobalSection
	GlobalSection(SolutionProperties) = preSolution
		HideSolutionNode = FALSE
	EndGlobalSection
EndGlobal
